
Microsoft Visual Studio Solution File, Format Version 12.00
# Visual Studio Version 17
VisualStudioVersion = 17.8.34330.188
MinimumVisualStudioVersion = 10.0.40219.1
Project("{9A19103F-16F7-4668-BE54-9A1E7A4F7556}") = "TechLibrary.Api", "TechLibrary.Api\TechLibrary.Api.csproj", "{987EAD0A-4BA2-4C4C-9758-FA292CF04A1A}"
EndProject
Project("{9A19103F-16F7-4668-BE54-9A1E7A4F7556}") = "TechLibrary.Communication", "TechLibrary.Communication\TechLibrary.Communication.csproj", "{FED2B4FF-41EF-4BB6-A704-E48DB70B33B0}"
EndProject
Project("{FAE04EC0-301F-11D3-BF4B-00C04F79EFBC}") = "TechLibrary.Exception", "TechLibrary.Exception\TechLibrary.Exception.csproj", "{F7B8959F-32E7-40F8-AA50-0677AB00D4C5}"
EndProject
Global
	GlobalSection(SolutionConfigurationPlatforms) = preSolution
		Debug|Any CPU = Debug|Any CPU
		Release|Any CPU = Release|Any CPU
	EndGlobalSection
	GlobalSection(ProjectConfigurationPlatforms) = postSolution
		{987EAD0A-4BA2-4C4C-9758-FA292CF04A1A}.Debug|Any CPU.ActiveCfg = Debug|Any CPU
		{987EAD0A-4BA2-4C4C-9758-FA292CF04A1A}.Debug|Any CPU.Build.0 = Debug|Any CPU
		{987EAD0A-4BA2-4C4C-9758-FA292CF04A1A}.Release|Any CPU.ActiveCfg = Release|Any CPU
		{987EAD0A-4BA2-4C4C-9758-FA292CF04A1A}.Release|Any CPU.Build.0 = Release|Any CPU
		{FED2B4FF-41EF-4BB6-A704-E48DB70B33B0}.Debug|Any CPU.ActiveCfg = Debug|Any CPU
		{FED2B4FF-41EF-4BB6-A704-E48DB70B33B0}.Debug|Any CPU.Build.0 = Debug|Any CPU
		{FED2B4FF-41EF-4BB6-A704-E48DB70B33B0}.Release|Any CPU.ActiveCfg = Release|Any CPU
		{FED2B4FF-41EF-4BB6-A704-E48DB70B33B0}.Release|Any CPU.Build.0 = Release|Any CPU
		{F7B8959F-32E7-40F8-AA50-0677AB00D4C5}.Debug|Any CPU.ActiveCfg = Debug|Any CPU
		{F7B8959F-32E7-40F8-AA50-0677AB00D4C5}.Debug|Any CPU.Build.0 = Debug|Any CPU
		{F7B8959F-32E7-40F8-AA50-0677AB00D4C5}.Release|Any CPU.ActiveCfg = Release|Any CPU
		{F7B8959F-32E7-40F8-AA50-0677AB00D4C5}.Release|Any CPU.Build.0 = Release|Any CPU
	EndGlobalSection
	GlobalSection(SolutionProperties) = preSolution
		HideSolutionNode = FALSE
	EndGlobalSection
	GlobalSection(ExtensibilityGlobals) = postSolution
		SolutionGuid = {FAD42602-98A2-4C8E-8374-C054BA1B2571}
	EndGlobalSection
EndGlobal
